// !$*UTF8*$!
{
	archiveVersion = 1;
	classes = {
	};
	objectVersion = 55;
	objects = {

/* Begin PBXBuildFile section */
		DE2205DC2727184D00499F02 /* AppDelegate.swift in Sources */ = {isa = PBXBuildFile; fileRef = DE2205DB2727184D00499F02 /* AppDelegate.swift */; };
		DE2205DE2727184D00499F02 /* SceneDelegate.swift in Sources */ = {isa = PBXBuildFile; fileRef = DE2205DD2727184D00499F02 /* SceneDelegate.swift */; };
		DE2205E02727184D00499F02 /* ViewController.swift in Sources */ = {isa = PBXBuildFile; fileRef = DE2205DF2727184D00499F02 /* ViewController.swift */; };
		DE2205E32727184D00499F02 /* Main.storyboard in Resources */ = {isa = PBXBuildFile; fileRef = DE2205E12727184D00499F02 /* Main.storyboard */; };
		DE2205E62727184D00499F02 /* Fitness_Trainer.xcdatamodeld in Sources */ = {isa = PBXBuildFile; fileRef = DE2205E42727184D00499F02 /* Fitness_Trainer.xcdatamodeld */; };
		DE2205E82727184E00499F02 /* Assets.xcassets in Resources */ = {isa = PBXBuildFile; fileRef = DE2205E72727184E00499F02 /* Assets.xcassets */; };
		DE2205EB2727184E00499F02 /* LaunchScreen.storyboard in Resources */ = {isa = PBXBuildFile; fileRef = DE2205E92727184E00499F02 /* LaunchScreen.storyboard */; };
		DE2205F62727184E00499F02 /* Fitness_TrainerTests.swift in Sources */ = {isa = PBXBuildFile; fileRef = DE2205F52727184E00499F02 /* Fitness_TrainerTests.swift */; };
		DE2206002727184E00499F02 /* Fitness_TrainerUITests.swift in Sources */ = {isa = PBXBuildFile; fileRef = DE2205FF2727184E00499F02 /* Fitness_TrainerUITests.swift */; };
		DE2206022727184E00499F02 /* Fitness_TrainerUITestsLaunchTests.swift in Sources */ = {isa = PBXBuildFile; fileRef = DE2206012727184E00499F02 /* Fitness_TrainerUITestsLaunchTests.swift */; };
/* End PBXBuildFile section */

/* Begin PBXContainerItemProxy section */
		DE2205F22727184E00499F02 /* PBXContainerItemProxy */ = {
			isa = PBXContainerItemProxy;
			containerPortal = DE2205D02727184D00499F02 /* Project object */;
			proxyType = 1;
			remoteGlobalIDString = DE2205D72727184D00499F02;
			remoteInfo = "Fitness Trainer";
		};
		DE2205FC2727184E00499F02 /* PBXContainerItemProxy */ = {
			isa = PBXContainerItemProxy;
			containerPortal = DE2205D02727184D00499F02 /* Project object */;
			proxyType = 1;
			remoteGlobalIDString = DE2205D72727184D00499F02;
			remoteInfo = "Fitness Trainer";
		};
/* End PBXContainerItemProxy section */

/* Begin PBXFileReference section */
		DE2205D82727184D00499F02 /* Fitness Trainer.app */ = {isa = PBXFileReference; explicitFileType = wrapper.application; includeInIndex = 0; path = "Fitness Trainer.app"; sourceTree = BUILT_PRODUCTS_DIR; };
		DE2205DB2727184D00499F02 /* AppDelegate.swift */ = {isa = PBXFileReference; lastKnownFileType = sourcecode.swift; path = AppDelegate.swift; sourceTree = "<group>"; };
		DE2205DD2727184D00499F02 /* SceneDelegate.swift */ = {isa = PBXFileReference; lastKnownFileType = sourcecode.swift; path = SceneDelegate.swift; sourceTree = "<group>"; };
		DE2205DF2727184D00499F02 /* ViewController.swift */ = {isa = PBXFileReference; lastKnownFileType = sourcecode.swift; path = ViewController.swift; sourceTree = "<group>"; };
		DE2205E22727184D00499F02 /* Base */ = {isa = PBXFileReference; lastKnownFileType = file.storyboard; name = Base; path = Base.lproj/Main.storyboard; sourceTree = "<group>"; };
		DE2205E52727184D00499F02 /* Fitness_Trainer.xcdatamodel */ = {isa = PBXFileReference; lastKnownFileType = wrapper.xcdatamodel; path = Fitness_Trainer.xcdatamodel; sourceTree = "<group>"; };
		DE2205E72727184E00499F02 /* Assets.xcassets */ = {isa = PBXFileReference; lastKnownFileType = folder.assetcatalog; path = Assets.xcassets; sourceTree = "<group>"; };
		DE2205EA2727184E00499F02 /* Base */ = {isa = PBXFileReference; lastKnownFileType = file.storyboard; name = Base; path = Base.lproj/LaunchScreen.storyboard; sourceTree = "<group>"; };
		DE2205EC2727184E00499F02 /* Info.plist */ = {isa = PBXFileReference; lastKnownFileType = text.plist.xml; path = Info.plist; sourceTree = "<group>"; };
		DE2205F12727184E00499F02 /* Fitness TrainerTests.xctest */ = {isa = PBXFileReference; explicitFileType = wrapper.cfbundle; includeInIndex = 0; path = "Fitness TrainerTests.xctest"; sourceTree = BUILT_PRODUCTS_DIR; };
		DE2205F52727184E00499F02 /* Fitness_TrainerTests.swift */ = {isa = PBXFileReference; lastKnownFileType = sourcecode.swift; path = Fitness_TrainerTests.swift; sourceTree = "<group>"; };
		DE2205FB2727184E00499F02 /* Fitness TrainerUITests.xctest */ = {isa = PBXFileReference; explicitFileType = wrapper.cfbundle; includeInIndex = 0; path = "Fitness TrainerUITests.xctest"; sourceTree = BUILT_PRODUCTS_DIR; };
		DE2205FF2727184E00499F02 /* Fitness_TrainerUITests.swift */ = {isa = PBXFileReference; lastKnownFileType = sourcecode.swift; path = Fitness_TrainerUITests.swift; sourceTree = "<group>"; };
		DE2206012727184E00499F02 /* Fitness_TrainerUITestsLaunchTests.swift */ = {isa = PBXFileReference; lastKnownFileType = sourcecode.swift; path = Fitness_TrainerUITestsLaunchTests.swift; sourceTree = "<group>"; };
/* End PBXFileReference section */

/* Begin PBXFrameworksBuildPhase section */
		DE2205D52727184D00499F02 /* Frameworks */ = {
			isa = PBXFrameworksBuildPhase;
			buildActionMask = 2147483647;
			files = (
			);
			runOnlyForDeploymentPostprocessing = 0;
		};
		DE2205EE2727184E00499F02 /* Frameworks */ = {
			isa = PBXFrameworksBuildPhase;
			buildActionMask = 2147483647;
			files = (
			);
			runOnlyForDeploymentPostprocessing = 0;
		};
		DE2205F82727184E00499F02 /* Frameworks */ = {
			isa = PBXFrameworksBuildPhase;
			buildActionMask = 2147483647;
			files = (
			);
			runOnlyForDeploymentPostprocessing = 0;
		};
/* End PBXFrameworksBuildPhase section */

/* Begin PBXGroup section */
		DE2205CF2727184D00499F02 = {
			isa = PBXGroup;
			children = (
				DE2205DA2727184D00499F02 /* Fitness Trainer */,
				DE2205F42727184E00499F02 /* Fitness TrainerTests */,
				DE2205FE2727184E00499F02 /* Fitness TrainerUITests */,
				DE2205D92727184D00499F02 /* Products */,
			);
			sourceTree = "<group>";
		};
		DE2205D92727184D00499F02 /* Products */ = {
			isa = PBXGroup;
			children = (
				DE2205D82727184D00499F02 /* Fitness Trainer.app */,
				DE2205F12727184E00499F02 /* Fitness TrainerTests.xctest */,
				DE2205FB2727184E00499F02 /* Fitness TrainerUITests.xctest */,
			);
			name = Products;
			sourceTree = "<group>";
		};
		DE2205DA2727184D00499F02 /* Fitness Trainer */ = {
			isa = PBXGroup;
			children = (
				DE2205DB2727184D00499F02 /* AppDelegate.swift */,
				DE2205DD2727184D00499F02 /* SceneDelegate.swift */,
				DE2205DF2727184D00499F02 /* ViewController.swift */,
				DE2205E12727184D00499F02 /* Main.storyboard */,
				DE2205E72727184E00499F02 /* Assets.xcassets */,
				DE2205E92727184E00499F02 /* LaunchScreen.storyboard */,
				DE2205EC2727184E00499F02 /* Info.plist */,
				DE2205E42727184D00499F02 /* Fitness_Trainer.xcdatamodeld */,
			);
			path = "Fitness Trainer";
			sourceTree = "<group>";
		};
		DE2205F42727184E00499F02 /* Fitness TrainerTests */ = {
			isa = PBXGroup;
			children = (
				DE2205F52727184E00499F02 /* Fitness_TrainerTests.swift */,
			);
			path = "Fitness TrainerTests";
			sourceTree = "<group>";
		};
		DE2205FE2727184E00499F02 /* Fitness TrainerUITests */ = {
			isa = PBXGroup;
			children = (
				DE2205FF2727184E00499F02 /* Fitness_TrainerUITests.swift */,
				DE2206012727184E00499F02 /* Fitness_TrainerUITestsLaunchTests.swift */,
			);
			path = "Fitness TrainerUITests";
			sourceTree = "<group>";
		};
/* End PBXGroup section */

/* Begin PBXNativeTarget section */
		DE2205D72727184D00499F02 /* Fitness Trainer */ = {
			isa = PBXNativeTarget;
			buildConfigurationList = DE2206052727184E00499F02 /* Build configuration list for PBXNativeTarget "Fitness Trainer" */;
			buildPhases = (
				DE2205D42727184D00499F02 /* Sources */,
				DE2205D52727184D00499F02 /* Frameworks */,
				DE2205D62727184D00499F02 /* Resources */,
			);
			buildRules = (
			);
			dependencies = (
			);
			name = "Fitness Trainer";
			productName = "Fitness Trainer";
			productReference = DE2205D82727184D00499F02 /* Fitness Trainer.app */;
			productType = "com.apple.product-type.application";
		};
		DE2205F02727184E00499F02 /* Fitness TrainerTests */ = {
			isa = PBXNativeTarget;
			buildConfigurationList = DE2206082727184E00499F02 /* Build configuration list for PBXNativeTarget "Fitness TrainerTests" */;
			buildPhases = (
				DE2205ED2727184E00499F02 /* Sources */,
				DE2205EE2727184E00499F02 /* Frameworks */,
				DE2205EF2727184E00499F02 /* Resources */,
			);
			buildRules = (
			);
			dependencies = (
				DE2205F32727184E00499F02 /* PBXTargetDependency */,
			);
			name = "Fitness TrainerTests";
			productName = "Fitness TrainerTests";
			productReference = DE2205F12727184E00499F02 /* Fitness TrainerTests.xctest */;
			productType = "com.apple.product-type.bundle.unit-test";
		};
		DE2205FA2727184E00499F02 /* Fitness TrainerUITests */ = {
			isa = PBXNativeTarget;
			buildConfigurationList = DE22060B2727184E00499F02 /* Build configuration list for PBXNativeTarget "Fitness TrainerUITests" */;
			buildPhases = (
				DE2205F72727184E00499F02 /* Sources */,
				DE2205F82727184E00499F02 /* Frameworks */,
				DE2205F92727184E00499F02 /* Resources */,
			);
			buildRules = (
			);
			dependencies = (
				DE2205FD2727184E00499F02 /* PBXTargetDependency */,
			);
			name = "Fitness TrainerUITests";
			productName = "Fitness TrainerUITests";
			productReference = DE2205FB2727184E00499F02 /* Fitness TrainerUITests.xctest */;
			productType = "com.apple.product-type.bundle.ui-testing";
		};
/* End PBXNativeTarget section */

/* Begin PBXProject section */
		DE2205D02727184D00499F02 /* Project object */ = {
			isa = PBXProject;
			attributes = {
				BuildIndependentTargetsInParallel = 1;
				LastSwiftUpdateCheck = 1300;
				LastUpgradeCheck = 1300;
				TargetAttributes = {
					DE2205D72727184D00499F02 = {
						CreatedOnToolsVersion = 13.0;
					};
					DE2205F02727184E00499F02 = {
						CreatedOnToolsVersion = 13.0;
						TestTargetID = DE2205D72727184D00499F02;
					};
					DE2205FA2727184E00499F02 = {
						CreatedOnToolsVersion = 13.0;
						TestTargetID = DE2205D72727184D00499F02;
					};
				};
			};
			buildConfigurationList = DE2205D32727184D00499F02 /* Build configuration list for PBXProject "Fitness Trainer" */;
			compatibilityVersion = "Xcode 13.0";
			developmentRegion = en;
			hasScannedForEncodings = 0;
			knownRegions = (
				en,
				Base,
			);
			mainGroup = DE2205CF2727184D00499F02;
			productRefGroup = DE2205D92727184D00499F02 /* Products */;
			projectDirPath = "";
			projectRoot = "";
			targets = (
				DE2205D72727184D00499F02 /* Fitness Trainer */,
				DE2205F02727184E00499F02 /* Fitness TrainerTests */,
				DE2205FA2727184E00499F02 /* Fitness TrainerUITests */,
			);
		};
/* End PBXProject section */

/* Begin PBXResourcesBuildPhase section */
		DE2205D62727184D00499F02 /* Resources */ = {
			isa = PBXResourcesBuildPhase;
			buildActionMask = 2147483647;
			files = (
				DE2205EB2727184E00499F02 /* LaunchScreen.storyboard in Resources */,
				DE2205E82727184E00499F02 /* Assets.xcassets in Resources */,
				DE2205E32727184D00499F02 /* Main.storyboard in Resources */,
			);
			runOnlyForDeploymentPostprocessing = 0;
		};
		DE2205EF2727184E00499F02 /* Resources */ = {
			isa = PBXResourcesBuildPhase;
			buildActionMask = 2147483647;
			files = (
			);
			runOnlyForDeploymentPostprocessing = 0;
		};
		DE2205F92727184E00499F02 /* Resources */ = {
			isa = PBXResourcesBuildPhase;
			buildActionMask = 2147483647;
			files = (
			);
			runOnlyForDeploymentPostprocessing = 0;
		};
/* End PBXResourcesBuildPhase section */

/* Begin PBXSourcesBuildPhase section */
		DE2205D42727184D00499F02 /* Sources */ = {
			isa = PBXSourcesBuildPhase;
			buildActionMask = 2147483647;
			files = (
				DE2205E62727184D00499F02 /* Fitness_Trainer.xcdatamodeld in Sources */,
				DE2205E02727184D00499F02 /* ViewController.swift in Sources */,
				DE2205DC2727184D00499F02 /* AppDelegate.swift in Sources */,
				DE2205DE2727184D00499F02 /* SceneDelegate.swift in Sources */,
			);
			runOnlyForDeploymentPostprocessing = 0;
		};
		DE2205ED2727184E00499F02 /* Sources */ = {
			isa = PBXSourcesBuildPhase;
			buildActionMask = 2147483647;
			files = (
				DE2205F62727184E00499F02 /* Fitness_TrainerTests.swift in Sources */,
			);
			runOnlyForDeploymentPostprocessing = 0;
		};
		DE2205F72727184E00499F02 /* Sources */ = {
			isa = PBXSourcesBuildPhase;
			buildActionMask = 2147483647;
			files = (
				DE2206002727184E00499F02 /* Fitness_TrainerUITests.swift in Sources */,
				DE2206022727184E00499F02 /* Fitness_TrainerUITestsLaunchTests.swift in Sources */,
			);
			runOnlyForDeploymentPostprocessing = 0;
		};
/* End PBXSourcesBuildPhase section */

/* Begin PBXTargetDependency section */
		DE2205F32727184E00499F02 /* PBXTargetDependency */ = {
			isa = PBXTargetDependency;
			target = DE2205D72727184D00499F02 /* Fitness Trainer */;
			targetProxy = DE2205F22727184E00499F02 /* PBXContainerItemProxy */;
		};
		DE2205FD2727184E00499F02 /* PBXTargetDependency */ = {
			isa = PBXTargetDependency;
			target = DE2205D72727184D00499F02 /* Fitness Trainer */;
			targetProxy = DE2205FC2727184E00499F02 /* PBXContainerItemProxy */;
		};
/* End PBXTargetDependency section */

/* Begin PBXVariantGroup section */
		DE2205E12727184D00499F02 /* Main.storyboard */ = {
			isa = PBXVariantGroup;
			children = (
				DE2205E22727184D00499F02 /* Base */,
			);
			name = Main.storyboard;
			sourceTree = "<group>";
		};
		DE2205E92727184E00499F02 /* LaunchScreen.storyboard */ = {
			isa = PBXVariantGroup;
			children = (
				DE2205EA2727184E00499F02 /* Base */,
			);
			name = LaunchScreen.storyboard;
			sourceTree = "<group>";
		};
/* End PBXVariantGroup section */

/* Begin XCBuildConfiguration section */
		DE2206032727184E00499F02 /* Debug */ = {
			isa = XCBuildConfiguration;
			buildSettings = {
				ALWAYS_SEARCH_USER_PATHS = NO;
				CLANG_ANALYZER_NONNULL = YES;
				CLANG_ANALYZER_NUMBER_OBJECT_CONVERSION = YES_AGGRESSIVE;
				CLANG_CXX_LANGUAGE_STANDARD = "gnu++17";
				CLANG_CXX_LIBRARY = "libc++";
				CLANG_ENABLE_MODULES = YES;
				CLANG_ENABLE_OBJC_ARC = YES;
				CLANG_ENABLE_OBJC_WEAK = YES;
				CLANG_WARN_BLOCK_CAPTURE_AUTORELEASING = YES;
				CLANG_WARN_BOOL_CONVERSION = YES;
				CLANG_WARN_COMMA = YES;
				CLANG_WARN_CONSTANT_CONVERSION = YES;
				CLANG_WARN_DEPRECATED_OBJC_IMPLEMENTATIONS = YES;
				CLANG_WARN_DIRECT_OBJC_ISA_USAGE = YES_ERROR;
				CLANG_WARN_DOCUMENTATION_COMMENTS = YES;
				CLANG_WARN_EMPTY_BODY = YES;
				CLANG_WARN_ENUM_CONVERSION = YES;
				CLANG_WARN_INFINITE_RECURSION = YES;
				CLANG_WARN_INT_CONVERSION = YES;
				CLANG_WARN_NON_LITERAL_NULL_CONVERSION = YES;
				CLANG_WARN_OBJC_IMPLICIT_RETAIN_SELF = YES;
				CLANG_WARN_OBJC_LITERAL_CONVERSION = YES;
				CLANG_WARN_OBJC_ROOT_CLASS = YES_ERROR;
				CLANG_WARN_QUOTED_INCLUDE_IN_FRAMEWORK_HEADER = YES;
				CLANG_WARN_RANGE_LOOP_ANALYSIS = YES;
				CLANG_WARN_STRICT_PROTOTYPES = YES;
				CLANG_WARN_SUSPICIOUS_MOVE = YES;
				CLANG_WARN_UNGUARDED_AVAILABILITY = YES_AGGRESSIVE;
				CLANG_WARN_UNREACHABLE_CODE = YES;
				CLANG_WARN__DUPLICATE_METHOD_MATCH = YES;
				COPY_PHASE_STRIP = NO;
				DEBUG_INFORMATION_FORMAT = dwarf;
				ENABLE_STRICT_OBJC_MSGSEND = YES;
				ENABLE_TESTABILITY = YES;
				GCC_C_LANGUAGE_STANDARD = gnu11;
				GCC_DYNAMIC_NO_PIC = NO;
				GCC_NO_COMMON_BLOCKS = YES;
				GCC_OPTIMIZATION_LEVEL = 0;
				GCC_PREPROCESSOR_DEFINITIONS = (
					"DEBUG=1",
					"$(inherited)",
				);
				GCC_WARN_64_TO_32_BIT_CONVERSION = YES;
				GCC_WARN_ABOUT_RETURN_TYPE = YES_ERROR;
				GCC_WARN_UNDECLARED_SELECTOR = YES;
				GCC_WARN_UNINITIALIZED_AUTOS = YES_AGGRESSIVE;
				GCC_WARN_UNUSED_FUNCTION = YES;
				GCC_WARN_UNUSED_VARIABLE = YES;
				IPHONEOS_DEPLOYMENT_TARGET = 15.0;
				MTL_ENABLE_DEBUG_INFO = INCLUDE_SOURCE;
				MTL_FAST_MATH = YES;
				ONLY_ACTIVE_ARCH = YES;
				SDKROOT = iphoneos;
				SWIFT_ACTIVE_COMPILATION_CONDITIONS = DEBUG;
				SWIFT_OPTIMIZATION_LEVEL = "-Onone";
			};
			name = Debug;
		};
		DE2206042727184E00499F02 /* Release */ = {
			isa = XCBuildConfiguration;
			buildSettings = {
				ALWAYS_SEARCH_USER_PATHS = NO;
				CLANG_ANALYZER_NONNULL = YES;
				CLANG_ANALYZER_NUMBER_OBJECT_CONVERSION = YES_AGGRESSIVE;
				CLANG_CXX_LANGUAGE_STANDARD = "gnu++17";
				CLANG_CXX_LIBRARY = "libc++";
				CLANG_ENABLE_MODULES = YES;
				CLANG_ENABLE_OBJC_ARC = YES;
				CLANG_ENABLE_OBJC_WEAK = YES;
				CLANG_WARN_BLOCK_CAPTURE_AUTORELEASING = YES;
				CLANG_WARN_BOOL_CONVERSION = YES;
				CLANG_WARN_COMMA = YES;
				CLANG_WARN_CONSTANT_CONVERSION = YES;
				CLANG_WARN_DEPRECATED_OBJC_IMPLEMENTATIONS = YES;
				CLANG_WARN_DIRECT_OBJC_ISA_USAGE = YES_ERROR;
				CLANG_WARN_DOCUMENTATION_COMMENTS = YES;
				CLANG_WARN_EMPTY_BODY = YES;
				CLANG_WARN_ENUM_CONVERSION = YES;
				CLANG_WARN_INFINITE_RECURSION = YES;
				CLANG_WARN_INT_CONVERSION = YES;
				CLANG_WARN_NON_LITERAL_NULL_CONVERSION = YES;
				CLANG_WARN_OBJC_IMPLICIT_RETAIN_SELF = YES;
				CLANG_WARN_OBJC_LITERAL_CONVERSION = YES;
				CLANG_WARN_OBJC_ROOT_CLASS = YES_ERROR;
				CLANG_WARN_QUOTED_INCLUDE_IN_FRAMEWORK_HEADER = YES;
				CLANG_WARN_RANGE_LOOP_ANALYSIS = YES;
				CLANG_WARN_STRICT_PROTOTYPES = YES;
				CLANG_WARN_SUSPICIOUS_MOVE = YES;
				CLANG_WARN_UNGUARDED_AVAILABILITY = YES_AGGRESSIVE;
				CLANG_WARN_UNREACHABLE_CODE = YES;
				CLANG_WARN__DUPLICATE_METHOD_MATCH = YES;
				COPY_PHASE_STRIP = NO;
				DEBUG_INFORMATION_FORMAT = "dwarf-with-dsym";
				ENABLE_NS_ASSERTIONS = NO;
				ENABLE_STRICT_OBJC_MSGSEND = YES;
				GCC_C_LANGUAGE_STANDARD = gnu11;
				GCC_NO_COMMON_BLOCKS = YES;
				GCC_WARN_64_TO_32_BIT_CONVERSION = YES;
				GCC_WARN_ABOUT_RETURN_TYPE = YES_ERROR;
				GCC_WARN_UNDECLARED_SELECTOR = YES;
				GCC_WARN_UNINITIALIZED_AUTOS = YES_AGGRESSIVE;
				GCC_WARN_UNUSED_FUNCTION = YES;
				GCC_WARN_UNUSED_VARIABLE = YES;
				IPHONEOS_DEPLOYMENT_TARGET = 15.0;
				MTL_ENABLE_DEBUG_INFO = NO;
				MTL_FAST_MATH = YES;
				SDKROOT = iphoneos;
				SWIFT_COMPILATION_MODE = wholemodule;
				SWIFT_OPTIMIZATION_LEVEL = "-O";
				VALIDATE_PRODUCT = YES;
			};
			name = Release;
		};
		DE2206062727184E00499F02 /* Debug */ = {
			isa = XCBuildConfiguration;
			buildSettings = {
				ASSETCATALOG_COMPILER_APPICON_NAME = AppIcon;
				ASSETCATALOG_COMPILER_GLOBAL_ACCENT_COLOR_NAME = AccentColor;
				CODE_SIGN_STYLE = Automatic;
				CURRENT_PROJECT_VERSION = 1;
				DEVELOPMENT_TEAM = N9P7CCFZDJ;
				GENERATE_INFOPLIST_FILE = YES;
				INFOPLIST_FILE = "Fitness Trainer/Info.plist";
				INFOPLIST_KEY_UIApplicationSupportsIndirectInputEvents = YES;
				INFOPLIST_KEY_UILaunchStoryboardName = LaunchScreen;
				INFOPLIST_KEY_UIMainStoryboardFile = Main;
				INFOPLIST_KEY_UISupportedInterfaceOrientations_iPad = "UIInterfaceOrientationPortrait UIInterfaceOrientationPortraitUpsideDown UIInterfaceOrientationLandscapeLeft UIInterfaceOrientationLandscapeRight";
				INFOPLIST_KEY_UISupportedInterfaceOrientations_iPhone = "UIInterfaceOrientationPortrait UIInterfaceOrientationLandscapeLeft UIInterfaceOrientationLandscapeRight";
				LD_RUNPATH_SEARCH_PATHS = (
					"$(inherited)",
					"@executable_path/Frameworks",
				);
				MARKETING_VERSION = 1.0;
				PRODUCT_BUNDLE_IDENTIFIER = "bryanhernandez.Fitness-Trainer";
				PRODUCT_NAME = "$(TARGET_NAME)";
				SWIFT_EMIT_LOC_STRINGS = YES;
				SWIFT_VERSION = 5.0;
				TARGETED_DEVICE_FAMILY = "1,2";
			};
			name = Debug;
		};
		DE2206072727184E00499F02 /* Release */ = {
			isa = XCBuildConfiguration;
			buildSettings = {
				ASSETCATALOG_COMPILER_APPICON_NAME = AppIcon;
				ASSETCATALOG_COMPILER_GLOBAL_ACCENT_COLOR_NAME = AccentColor;
				CODE_SIGN_STYLE = Automatic;
				CURRENT_PROJECT_VERSION = 1;
				DEVELOPMENT_TEAM = N9P7CCFZDJ;
				GENERATE_INFOPLIST_FILE = YES;
				INFOPLIST_FILE = "Fitness Trainer/Info.plist";
				INFOPLIST_KEY_UIApplicationSupportsIndirectInputEvents = YES;
				INFOPLIST_KEY_UILaunchStoryboardName = LaunchScreen;
				INFOPLIST_KEY_UIMainStoryboardFile = Main;
				INFOPLIST_KEY_UISupportedInterfaceOrientations_iPad = "UIInterfaceOrientationPortrait UIInterfaceOrientationPortraitUpsideDown UIInterfaceOrientationLandscapeLeft UIInterfaceOrientationLandscapeRight";
				INFOPLIST_KEY_UISupportedInterfaceOrientations_iPhone = "UIInterfaceOrientationPortrait UIInterfaceOrientationLandscapeLeft UIInterfaceOrientationLandscapeRight";
				LD_RUNPATH_SEARCH_PATHS = (
					"$(inherited)",
					"@executable_path/Frameworks",
				);
				MARKETING_VERSION = 1.0;
				PRODUCT_BUNDLE_IDENTIFIER = "bryanhernandez.Fitness-Trainer";
				PRODUCT_NAME = "$(TARGET_NAME)";
				SWIFT_EMIT_LOC_STRINGS = YES;
				SWIFT_VERSION = 5.0;
				TARGETED_DEVICE_FAMILY = "1,2";
			};
			name = Release;
		};
		DE2206092727184E00499F02 /* Debug */ = {
			isa = XCBuildConfiguration;
			buildSettings = {
				ALWAYS_EMBED_SWIFT_STANDARD_LIBRARIES = YES;
				BUNDLE_LOADER = "$(TEST_HOST)";
				CODE_SIGN_STYLE = Automatic;
				CURRENT_PROJECT_VERSION = 1;
				DEVELOPMENT_TEAM = N9P7CCFZDJ;
				GENERATE_INFOPLIST_FILE = YES;
				IPHONEOS_DEPLOYMENT_TARGET = 15.0;
				LD_RUNPATH_SEARCH_PATHS = (
					"$(inherited)",
					"@executable_path/Frameworks",
					"@loader_path/Frameworks",
				);
				MARKETING_VERSION = 1.0;
				PRODUCT_BUNDLE_IDENTIFIER = "bryanhernandez.Fitness-TrainerTests";
				PRODUCT_NAME = "$(TARGET_NAME)";
				SWIFT_EMIT_LOC_STRINGS = NO;
				SWIFT_VERSION = 5.0;
				TARGETED_DEVICE_FAMILY = "1,2";
				TEST_HOST = "$(BUILT_PRODUCTS_DIR)/Fitness Trainer.app/Fitness Trainer";
			};
			name = Debug;
		};
		DE22060A2727184E00499F02 /* Release */ = {
			isa = XCBuildConfiguration;
			buildSettings = {
				ALWAYS_EMBED_SWIFT_STANDARD_LIBRARIES = YES;
				BUNDLE_LOADER = "$(TEST_HOST)";
				CODE_SIGN_STYLE = Automatic;
				CURRENT_PROJECT_VERSION = 1;
				DEVELOPMENT_TEAM = N9P7CCFZDJ;
				GENERATE_INFOPLIST_FILE = YES;
				IPHONEOS_DEPLOYMENT_TARGET = 15.0;
				LD_RUNPATH_SEARCH_PATHS = (
					"$(inherited)",
					"@executable_path/Frameworks",
					"@loader_path/Frameworks",
				);
				MARKETING_VERSION = 1.0;
				PRODUCT_BUNDLE_IDENTIFIER = "bryanhernandez.Fitness-TrainerTests";
				PRODUCT_NAME = "$(TARGET_NAME)";
				SWIFT_EMIT_LOC_STRINGS = NO;
				SWIFT_VERSION = 5.0;
				TARGETED_DEVICE_FAMILY = "1,2";
				TEST_HOST = "$(BUILT_PRODUCTS_DIR)/Fitness Trainer.app/Fitness Trainer";
			};
			name = Release;
		};
		DE22060C2727184E00499F02 /* Debug */ = {
			isa = XCBuildConfiguration;
			buildSettings = {
				ALWAYS_EMBED_SWIFT_STANDARD_LIBRARIES = YES;
				CODE_SIGN_STYLE = Automatic;
				CURRENT_PROJECT_VERSION = 1;
				DEVELOPMENT_TEAM = N9P7CCFZDJ;
				GENERATE_INFOPLIST_FILE = YES;
				LD_RUNPATH_SEARCH_PATHS = (
					"$(inherited)",
					"@executable_path/Frameworks",
					"@loader_path/Frameworks",
				);
				MARKETING_VERSION = 1.0;
				PRODUCT_BUNDLE_IDENTIFIER = "bryanhernandez.Fitness-TrainerUITests";
				PRODUCT_NAME = "$(TARGET_NAME)";
				SWIFT_EMIT_LOC_STRINGS = NO;
				SWIFT_VERSION = 5.0;
				TARGETED_DEVICE_FAMILY = "1,2";
				TEST_TARGET_NAME = "Fitness Trainer";
			};
			name = Debug;
		};
		DE22060D2727184E00499F02 /* Release */ = {
			isa = XCBuildConfiguration;
			buildSettings = {
				ALWAYS_EMBED_SWIFT_STANDARD_LIBRARIES = YES;
				CODE_SIGN_STYLE = Automatic;
				CURRENT_PROJECT_VERSION = 1;
				DEVELOPMENT_TEAM = N9P7CCFZDJ;
				GENERATE_INFOPLIST_FILE = YES;
				LD_RUNPATH_SEARCH_PATHS = (
					"$(inherited)",
					"@executable_path/Frameworks",
					"@loader_path/Frameworks",
				);
				MARKETING_VERSION = 1.0;
				PRODUCT_BUNDLE_IDENTIFIER = "bryanhernandez.Fitness-TrainerUITests";
				PRODUCT_NAME = "$(TARGET_NAME)";
				SWIFT_EMIT_LOC_STRINGS = NO;
				SWIFT_VERSION = 5.0;
				TARGETED_DEVICE_FAMILY = "1,2";
				TEST_TARGET_NAME = "Fitness Trainer";
			};
			name = Release;
		};
/* End XCBuildConfiguration section */

/* Begin XCConfigurationList section */
		DE2205D32727184D00499F02 /* Build configuration list for PBXProject "Fitness Trainer" */ = {
			isa = XCConfigurationList;
			buildConfigurations = (
				DE2206032727184E00499F02 /* Debug */,
				DE2206042727184E00499F02 /* Release */,
			);
			defaultConfigurationIsVisible = 0;
			defaultConfigurationName = Release;
		};
		DE2206052727184E00499F02 /* Build configuration list for PBXNativeTarget "Fitness Trainer" */ = {
			isa = XCConfigurationList;
			buildConfigurations = (
				DE2206062727184E00499F02 /* Debug */,
				DE2206072727184E00499F02 /* Release */,
			);
			defaultConfigurationIsVisible = 0;
			defaultConfigurationName = Release;
		};
		DE2206082727184E00499F02 /* Build configuration list for PBXNativeTarget "Fitness TrainerTests" */ = {
			isa = XCConfigurationList;
			buildConfigurations = (
				DE2206092727184E00499F02 /* Debug */,
				DE22060A2727184E00499F02 /* Release */,
			);
			defaultConfigurationIsVisible = 0;
			defaultConfigurationName = Release;
		};
		DE22060B2727184E00499F02 /* Build configuration list for PBXNativeTarget "Fitness TrainerUITests" */ = {
			isa = XCConfigurationList;
			buildConfigurations = (
				DE22060C2727184E00499F02 /* Debug */,
				DE22060D2727184E00499F02 /* Release */,
			);
			defaultConfigurationIsVisible = 0;
			defaultConfigurationName = Release;
		};
/* End XCConfigurationList section */

/* Begin XCVersionGroup section */
		DE2205E42727184D00499F02 /* Fitness_Trainer.xcdatamodeld */ = {
			isa = XCVersionGroup;
			children = (
				DE2205E52727184D00499F02 /* Fitness_Trainer.xcdatamodel */,
			);
			currentVersion = DE2205E52727184D00499F02 /* Fitness_Trainer.xcdatamodel */;
			path = Fitness_Trainer.xcdatamodeld;
			sourceTree = "<group>";
			versionGroupType = wrapper.xcdatamodel;
		};
/* End XCVersionGroup section */
	};
	rootObject = DE2205D02727184D00499F02 /* Project object */;
}
